
Microsoft Visual Studio Solution File, Format Version 12.00
# Visual Studio 15
VisualStudioVersion = 15.0.26124.0
MinimumVisualStudioVersion = 15.0.26124.0
Project("{2150E333-8FDC-42A3-9474-1A3956D46DE8}") = "src", "src", "{21C67ED5-4733-4029-93A1-A087FDB64A18}"
EndProject
Project("{FAE04EC0-301F-11D3-BF4B-00C04F79EFBC}") = "PalTracker", "src\PalTracker\PalTracker.csproj", "{22F0702F-F50A-4FC4-9501-7D1C10D0C240}"
EndProject
Project("{2150E333-8FDC-42A3-9474-1A3956D46DE8}") = "test", "test", "{E6460916-F58F-4A58-90A8-4685B7CDDB2E}"
EndProject
Project("{FAE04EC0-301F-11D3-BF4B-00C04F79EFBC}") = "PalTrackerTests", "test\PalTrackerTests\PalTrackerTests.csproj", "{C1428DE2-882F-4C26-8A1F-6D6B5A588624}"
EndProject
Global
	GlobalSection(SolutionConfigurationPlatforms) = preSolution
		Debug|Any CPU = Debug|Any CPU
		Debug|x64 = Debug|x64
		Debug|x86 = Debug|x86
		Release|Any CPU = Release|Any CPU
		Release|x64 = Release|x64
		Release|x86 = Release|x86
	EndGlobalSection
	GlobalSection(SolutionProperties) = preSolution
		HideSolutionNode = FALSE
	EndGlobalSection
	GlobalSection(ProjectConfigurationPlatforms) = postSolution
		{22F0702F-F50A-4FC4-9501-7D1C10D0C240}.Debug|Any CPU.ActiveCfg = Debug|Any CPU
		{22F0702F-F50A-4FC4-9501-7D1C10D0C240}.Debug|Any CPU.Build.0 = Debug|Any CPU
		{22F0702F-F50A-4FC4-9501-7D1C10D0C240}.Debug|x64.ActiveCfg = Debug|x64
		{22F0702F-F50A-4FC4-9501-7D1C10D0C240}.Debug|x64.Build.0 = Debug|x64
		{22F0702F-F50A-4FC4-9501-7D1C10D0C240}.Debug|x86.ActiveCfg = Debug|x86
		{22F0702F-F50A-4FC4-9501-7D1C10D0C240}.Debug|x86.Build.0 = Debug|x86
		{22F0702F-F50A-4FC4-9501-7D1C10D0C240}.Release|Any CPU.ActiveCfg = Release|Any CPU
		{22F0702F-F50A-4FC4-9501-7D1C10D0C240}.Release|Any CPU.Build.0 = Release|Any CPU
		{22F0702F-F50A-4FC4-9501-7D1C10D0C240}.Release|x64.ActiveCfg = Release|x64
		{22F0702F-F50A-4FC4-9501-7D1C10D0C240}.Release|x64.Build.0 = Release|x64
		{22F0702F-F50A-4FC4-9501-7D1C10D0C240}.Release|x86.ActiveCfg = Release|x86
		{22F0702F-F50A-4FC4-9501-7D1C10D0C240}.Release|x86.Build.0 = Release|x86
		{C1428DE2-882F-4C26-8A1F-6D6B5A588624}.Debug|Any CPU.ActiveCfg = Debug|Any CPU
		{C1428DE2-882F-4C26-8A1F-6D6B5A588624}.Debug|Any CPU.Build.0 = Debug|Any CPU
		{C1428DE2-882F-4C26-8A1F-6D6B5A588624}.Debug|x64.ActiveCfg = Debug|x64
		{C1428DE2-882F-4C26-8A1F-6D6B5A588624}.Debug|x64.Build.0 = Debug|x64
		{C1428DE2-882F-4C26-8A1F-6D6B5A588624}.Debug|x86.ActiveCfg = Debug|x86
		{C1428DE2-882F-4C26-8A1F-6D6B5A588624}.Debug|x86.Build.0 = Debug|x86
		{C1428DE2-882F-4C26-8A1F-6D6B5A588624}.Release|Any CPU.ActiveCfg = Release|Any CPU
		{C1428DE2-882F-4C26-8A1F-6D6B5A588624}.Release|Any CPU.Build.0 = Release|Any CPU
		{C1428DE2-882F-4C26-8A1F-6D6B5A588624}.Release|x64.ActiveCfg = Release|x64
		{C1428DE2-882F-4C26-8A1F-6D6B5A588624}.Release|x64.Build.0 = Release|x64
		{C1428DE2-882F-4C26-8A1F-6D6B5A588624}.Release|x86.ActiveCfg = Release|x86
		{C1428DE2-882F-4C26-8A1F-6D6B5A588624}.Release|x86.Build.0 = Release|x86
	EndGlobalSection
	GlobalSection(NestedProjects) = preSolution
		{22F0702F-F50A-4FC4-9501-7D1C10D0C240} = {21C67ED5-4733-4029-93A1-A087FDB64A18}
		{C1428DE2-882F-4C26-8A1F-6D6B5A588624} = {E6460916-F58F-4A58-90A8-4685B7CDDB2E}
	EndGlobalSection
EndGlobal
